Microsoft Visual Studio Solution File, Format Version 12.00
# Visual Studio Version 17
VisualStudioVersion = 17.0.31903.59
MinimumVisualStudioVersion = 10.0.40219.1
Project("{2150E333-8FDC-42A3-9474-1A3956D46DE8}") = "src", "src", "{827E0CD3-B72D-47B6-A68D-7590B98EB39B}"
EndProject
Project("{FAE04EC0-301F-11D3-BF4B-00C04F79EFBC}") = "BackendForFrontend.WebApi", "src\BackendForFrontend.WebApi\BackendForFrontend.WebApi.csproj", "{7B1AEDF7-9FA8-4B88-B946-C74A528156D5}"
EndProject
Project("{FAE04EC0-301F-11D3-BF4B-00C04F79EFBC}") = "BackendForFrontend.Application", "src\BackendForFrontend.Application\BackendForFrontend.Application.csproj", "{A41EA9B4-31C4-4744-A89A-31952816A53D}"
EndProject
Project("{FAE04EC0-301F-11D3-BF4B-00C04F79EFBC}") = "BackendForFrontend.Infrastructure", "src\BackendForFrontend.Infrastructure\BackendForFrontend.Infrastructure.csproj", "{6B96DB42-A8C7-4D85-A694-1BC457848DC5}"
EndProject
Project("{2150E333-8FDC-42A3-9474-1A3956D46DE8}") = "tests", "tests", "{0AB3BF05-4346-4AA6-1389-037BE0695223}"
EndProject
Project("{FAE04EC0-301F-11D3-BF4B-00C04F79EFBC}") = "BackendForFrontend.UnitTests", "tests\BackendForFrontend.UnitTests\BackendForFrontend.UnitTests.csproj", "{06B677B5-3510-481D-A650-11BFFC0DEC9D}"
EndProject
Project("{FAE04EC0-301F-11D3-BF4B-00C04F79EFBC}") = "BackendForFrontend.IntegrationTests", "tests\BackendForFrontend.IntegrationTests\BackendForFrontend.IntegrationTests.csproj", "{814FC7D1-8C37-480C-833E-6FA1C2B5635D}"
EndProject
Project("{FAE04EC0-301F-11D3-BF4B-00C04F79EFBC}") = "MockProvider", "tests\MockProvider\MockProvider.csproj", "{A2B3C4D5-E6F7-48A9-9B0C-1234567890AB}"
EndProject
Global
	GlobalSection(SolutionConfigurationPlatforms) = preSolution
		Debug|Any CPU = Debug|Any CPU
		Debug|x64 = Debug|x64
		Debug|x86 = Debug|x86
		Release|Any CPU = Release|Any CPU
		Release|x64 = Release|x64
		Release|x86 = Release|x86
	EndGlobalSection
	GlobalSection(ProjectConfigurationPlatforms) = postSolution
		{7B1AEDF7-9FA8-4B88-B946-C74A528156D5}.Debug|Any CPU.ActiveCfg = Debug|Any CPU
		{7B1AEDF7-9FA8-4B88-B946-C74A528156D5}.Debug|Any CPU.Build.0 = Debug|Any CPU
		{7B1AEDF7-9FA8-4B88-B946-C74A528156D5}.Debug|x64.ActiveCfg = Debug|Any CPU
		{7B1AEDF7-9FA8-4B88-B946-C74A528156D5}.Debug|x64.Build.0 = Debug|Any CPU
		{7B1AEDF7-9FA8-4B88-B946-C74A528156D5}.Debug|x86.ActiveCfg = Debug|Any CPU
		{7B1AEDF7-9FA8-4B88-B946-C74A528156D5}.Debug|x86.Build.0 = Debug|Any CPU
		{7B1AEDF7-9FA8-4B88-B946-C74A528156D5}.Release|Any CPU.ActiveCfg = Release|Any CPU
		{7B1AEDF7-9FA8-4B88-B946-C74A528156D5}.Release|Any CPU.Build.0 = Release|Any CPU
		{7B1AEDF7-9FA8-4B88-B946-C74A528156D5}.Release|x64.ActiveCfg = Release|Any CPU
		{7B1AEDF7-9FA8-4B88-B946-C74A528156D5}.Release|x64.Build.0 = Release|Any CPU
		{7B1AEDF7-9FA8-4B88-B946-C74A528156D5}.Release|x86.ActiveCfg = Release|Any CPU
		{7B1AEDF7-9FA8-4B88-B946-C74A528156D5}.Release|x86.Build.0 = Release|Any CPU
		{A41EA9B4-31C4-4744-A89A-31952816A53D}.Debug|Any CPU.ActiveCfg = Debug|Any CPU
		{A41EA9B4-31C4-4744-A89A-31952816A53D}.Debug|Any CPU.Build.0 = Debug|Any CPU
		{A41EA9B4-31C4-4744-A89A-31952816A53D}.Debug|x64.ActiveCfg = Debug|Any CPU
		{A41EA9B4-31C4-4744-A89A-31952816A53D}.Debug|x64.Build.0 = Debug|Any CPU
		{A41EA9B4-31C4-4744-A89A-31952816A53D}.Debug|x86.ActiveCfg = Debug|Any CPU
		{A41EA9B4-31C4-4744-A89A-31952816A53D}.Debug|x86.Build.0 = Debug|Any CPU
		{A41EA9B4-31C4-4744-A89A-31952816A53D}.Release|Any CPU.ActiveCfg = Release|Any CPU
		{A41EA9B4-31C4-4744-A89A-31952816A53D}.Release|Any CPU.Build.0 = Release|Any CPU
		{A41EA9B4-31C4-4744-A89A-31952816A53D}.Release|x64.ActiveCfg = Release|Any CPU
		{A41EA9B4-31C4-4744-A89A-31952816A53D}.Release|x64.Build.0 = Release|Any CPU
		{A41EA9B4-31C4-4744-A89A-31952816A53D}.Release|x86.ActiveCfg = Release|Any CPU
		{A41EA9B4-31C4-4744-A89A-31952816A53D}.Release|x86.Build.0 = Release|Any CPU
		{6B96DB42-A8C7-4D85-A694-1BC457848DC5}.Debug|Any CPU.ActiveCfg = Debug|Any CPU
		{6B96DB42-A8C7-4D85-A694-1BC457848DC5}.Debug|Any CPU.Build.0 = Debug|Any CPU
		{6B96DB42-A8C7-4D85-A694-1BC457848DC5}.Debug|x64.ActiveCfg = Debug|Any CPU
		{6B96DB42-A8C7-4D85-A694-1BC457848DC5}.Debug|x64.Build.0 = Debug|Any CPU
		{6B96DB42-A8C7-4D85-A694-1BC457848DC5}.Debug|x86.ActiveCfg = Debug|Any CPU
		{6B96DB42-A8C7-4D85-A694-1BC457848DC5}.Debug|x86.Build.0 = Debug|Any CPU
		{6B96DB42-A8C7-4D85-A694-1BC457848DC5}.Release|Any CPU.ActiveCfg = Release|Any CPU
		{6B96DB42-A8C7-4D85-A694-1BC457848DC5}.Release|Any CPU.Build.0 = Release|Any CPU
		{6B96DB42-A8C7-4D85-A694-1BC457848DC5}.Release|x64.ActiveCfg = Release|Any CPU
		{6B96DB42-A8C7-4D85-A694-1BC457848DC5}.Release|x64.Build.0 = Release|Any CPU
		{6B96DB42-A8C7-4D85-A694-1BC457848DC5}.Release|x86.ActiveCfg = Release|Any CPU
		{6B96DB42-A8C7-4D85-A694-1BC457848DC5}.Release|x86.Build.0 = Release|Any CPU
		{06B677B5-3510-481D-A650-11BFFC0DEC9D}.Debug|Any CPU.ActiveCfg = Debug|Any CPU
		{06B677B5-3510-481D-A650-11BFFC0DEC9D}.Debug|Any CPU.Build.0 = Debug|Any CPU
		{06B677B5-3510-481D-A650-11BFFC0DEC9D}.Debug|x64.ActiveCfg = Debug|Any CPU
		{06B677B5-3510-481D-A650-11BFFC0DEC9D}.Debug|x64.Build.0 = Debug|Any CPU
		{06B677B5-3510-481D-A650-11BFFC0DEC9D}.Debug|x86.ActiveCfg = Debug|Any CPU
		{06B677B5-3510-481D-A650-11BFFC0DEC9D}.Debug|x86.Build.0 = Debug|Any CPU
		{06B677B5-3510-481D-A650-11BFFC0DEC9D}.Release|Any CPU.ActiveCfg = Release|Any CPU
		{06B677B5-3510-481D-A650-11BFFC0DEC9D}.Release|Any CPU.Build.0 = Release|Any CPU
		{06B677B5-3510-481D-A650-11BFFC0DEC9D}.Release|x64.ActiveCfg = Release|Any CPU
		{06B677B5-3510-481D-A650-11BFFC0DEC9D}.Release|x64.Build.0 = Release|Any CPU
		{06B677B5-3510-481D-A650-11BFFC0DEC9D}.Release|x86.ActiveCfg = Release|Any CPU
		{06B677B5-3510-481D-A650-11BFFC0DEC9D}.Release|x86.Build.0 = Release|Any CPU
		{814FC7D1-8C37-480C-833E-6FA1C2B5635D}.Debug|Any CPU.ActiveCfg = Debug|Any CPU
		{814FC7D1-8C37-480C-833E-6FA1C2B5635D}.Debug|Any CPU.Build.0 = Debug|Any CPU
		{814FC7D1-8C37-480C-833E-6FA1C2B5635D}.Debug|x64.ActiveCfg = Debug|Any CPU
		{814FC7D1-8C37-480C-833E-6FA1C2B5635D}.Debug|x64.Build.0 = Debug|Any CPU
		{814FC7D1-8C37-480C-833E-6FA1C2B5635D}.Debug|x86.ActiveCfg = Debug|Any CPU
		{814FC7D1-8C37-480C-833E-6FA1C2B5635D}.Debug|x86.Build.0 = Debug|Any CPU
		{814FC7D1-8C37-480C-833E-6FA1C2B5635D}.Release|Any CPU.ActiveCfg = Release|Any CPU
		{814FC7D1-8C37-480C-833E-6FA1C2B5635D}.Release|Any CPU.Build.0 = Release|Any CPU
		{814FC7D1-8C37-480C-833E-6FA1C2B5635D}.Release|x64.ActiveCfg = Release|Any CPU
		{814FC7D1-8C37-480C-833E-6FA1C2B5635D}.Release|x64.Build.0 = Release|Any CPU
		{814FC7D1-8C37-480C-833E-6FA1C2B5635D}.Release|x86.ActiveCfg = Release|Any CPU
		{814FC7D1-8C37-480C-833E-6FA1C2B5635D}.Release|x86.Build.0 = Release|Any CPU
		{A2B3C4D5-E6F7-48A9-9B0C-1234567890AB}.Debug|Any CPU.ActiveCfg = Debug|Any CPU
		{A2B3C4D5-E6F7-48A9-9B0C-1234567890AB}.Debug|Any CPU.Build.0 = Debug|Any CPU
		{A2B3C4D5-E6F7-48A9-9B0C-1234567890AB}.Release|Any CPU.ActiveCfg = Release|Any CPU
		{A2B3C4D5-E6F7-48A9-9B0C-1234567890AB}.Release|Any CPU.Build.0 = Release|Any CPU
	EndGlobalSection
	GlobalSection(SolutionProperties) = preSolution
		HideSolutionNode = FALSE
	EndGlobalSection
	GlobalSection(NestedProjects) = preSolution
		{7B1AEDF7-9FA8-4B88-B946-C74A528156D5} = {827E0CD3-B72D-47B6-A68D-7590B98EB39B}
		{A41EA9B4-31C4-4744-A89A-31952816A53D} = {827E0CD3-B72D-47B6-A68D-7590B98EB39B}
		{6B96DB42-A8C7-4D85-A694-1BC457848DC5} = {827E0CD3-B72D-47B6-A68D-7590B98EB39B}
		{06B677B5-3510-481D-A650-11BFFC0DEC9D} = {0AB3BF05-4346-4AA6-1389-037BE0695223}
		{814FC7D1-8C37-480C-833E-6FA1C2B5635D} = {0AB3BF05-4346-4AA6-1389-037BE0695223}
		{A2B3C4D5-E6F7-48A9-9B0C-1234567890AB} = {0AB3BF05-4346-4AA6-1389-037BE0695223}
	EndGlobalSection
EndGlobal
